
Microsoft Visual Studio Solution File, Format Version 12.00
# Visual Studio Version 17
VisualStudioVersion = 17.5.33530.505
MinimumVisualStudioVersion = 10.0.40219.1
Project("{FAE04EC0-301F-11D3-BF4B-00C04F79EFBC}") = "Problem02.Stack", "Problem02.Stack\Problem02.Stack.csproj", "{84FA87A2-4B18-44D3-87CE-B8B481B33551}"
EndProject
Global
	GlobalSection(SolutionConfigurationPlatforms) = preSolution
		Debug|Any CPU = Debug|Any CPU
		Release|Any CPU = Release|Any CPU
	EndGlobalSection
	GlobalSection(ProjectConfigurationPlatforms) = postSolution
		{84FA87A2-4B18-44D3-87CE-B8B481B33551}.Debug|Any CPU.ActiveCfg = Debug|Any CPU
		{84FA87A2-4B18-44D3-87CE-B8B481B33551}.Debug|Any CPU.Build.0 = Debug|Any CPU
		{84FA87A2-4B18-44D3-87CE-B8B481B33551}.Release|Any CPU.ActiveCfg = Release|Any CPU
		{84FA87A2-4B18-44D3-87CE-B8B481B33551}.Release|Any CPU.Build.0 = Release|Any CPU
	EndGlobalSection
	GlobalSection(SolutionProperties) = preSolution
		HideSolutionNode = FALSE
	EndGlobalSection
	GlobalSection(ExtensibilityGlobals) = postSolution
		SolutionGuid = {585181B0-302F-4ADB-BD74-4D392D0B7DB7}
	EndGlobalSection
EndGlobal
